
Microsoft Visual Studio Solution File, Format Version 12.00
Project("{FAE04EC0-301F-11D3-BF4B-00C04F79EFBC}") = "performancetest", "performancetest\performancetest.csproj", "{AC1DFA41-5BCA-4851-9E5A-03607F2DD3D1}"
EndProject
Global
	GlobalSection(SolutionConfigurationPlatforms) = preSolution
		Debug|Any CPU = Debug|Any CPU
		Release|Any CPU = Release|Any CPU
	EndGlobalSection
	GlobalSection(ProjectConfigurationPlatforms) = postSolution
		{AC1DFA41-5BCA-4851-9E5A-03607F2DD3D1}.Debug|Any CPU.ActiveCfg = Debug|Any CPU
		{AC1DFA41-5BCA-4851-9E5A-03607F2DD3D1}.Debug|Any CPU.Build.0 = Debug|Any CPU
		{AC1DFA41-5BCA-4851-9E5A-03607F2DD3D1}.Release|Any CPU.ActiveCfg = Release|Any CPU
		{AC1DFA41-5BCA-4851-9E5A-03607F2DD3D1}.Release|Any CPU.Build.0 = Release|Any CPU
	EndGlobalSection
EndGlobal
